// !$*UTF8*$!
{
	archiveVersion = 1;
	classes = {
	};
	objectVersion = 50;
	objects = {

/* Begin PBXBuildFile section */
		C33B99AF20C732A800674A57 /* AppDelegate.swift in Sources */ = {isa = PBXBuildFile; fileRef = C33B99AE20C732A800674A57 /* AppDelegate.swift */; };
		C33B99B120C732A900674A57 /* GameScene.sks in Resources */ = {isa = PBXBuildFile; fileRef = C33B99B020C732A900674A57 /* GameScene.sks */; };
		C33B99B520C732A900674A57 /* GameScene.swift in Sources */ = {isa = PBXBuildFile; fileRef = C33B99B420C732A900674A57 /* GameScene.swift */; };
		C33B99B720C732A900674A57 /* GameViewController.swift in Sources */ = {isa = PBXBuildFile; fileRef = C33B99B620C732A900674A57 /* GameViewController.swift */; };
		C33B99BA20C732A900674A57 /* Main.storyboard in Resources */ = {isa = PBXBuildFile; fileRef = C33B99B820C732A900674A57 /* Main.storyboard */; };
		C33B99BC20C732B900674A57 /* Assets.xcassets in Resources */ = {isa = PBXBuildFile; fileRef = C33B99BB20C732B900674A57 /* Assets.xcassets */; };
		C33B99BF20C732B900674A57 /* LaunchScreen.storyboard in Resources */ = {isa = PBXBuildFile; fileRef = C33B99BD20C732B900674A57 /* LaunchScreen.storyboard */; };
		C33B99C720C7372200674A57 /* level1.txt in Resources */ = {isa = PBXBuildFile; fileRef = C33B99C620C7372100674A57 /* level1.txt */; };
		C36BA37620C8603200D56263 /* SVLSpriteNodeButton.swift in Sources */ = {isa = PBXBuildFile; fileRef = C36BA37520C8603200D56263 /* SVLSpriteNodeButton.swift */; };
		C36BA37820C88D1200D56263 /* level2.txt in Resources */ = {isa = PBXBuildFile; fileRef = C36BA37720C88D1200D56263 /* level2.txt */; };
/* End PBXBuildFile section */

/* Begin PBXFileReference section */
		C33B99AB20C732A800674A57 /* Project26.app */ = {isa = PBXFileReference; explicitFileType = wrapper.application; includeInIndex = 0; path = Project26.app; sourceTree = BUILT_PRODUCTS_DIR; };
		C33B99AE20C732A800674A57 /* AppDelegate.swift */ = {isa = PBXFileReference; lastKnownFileType = sourcecode.swift; path = AppDelegate.swift; sourceTree = "<group>"; };
		C33B99B020C732A900674A57 /* GameScene.sks */ = {isa = PBXFileReference; lastKnownFileType = file.sks; path = GameScene.sks; sourceTree = "<group>"; };
		C33B99B420C732A900674A57 /* GameScene.swift */ = {isa = PBXFileReference; lastKnownFileType = sourcecode.swift; path = GameScene.swift; sourceTree = "<group>"; };
		C33B99B620C732A900674A57 /* GameViewController.swift */ = {isa = PBXFileReference; lastKnownFileType = sourcecode.swift; path = GameViewController.swift; sourceTree = "<group>"; };
		C33B99B920C732A900674A57 /* Base */ = {isa = PBXFileReference; lastKnownFileType = file.storyboard; name = Base; path = Base.lproj/Main.storyboard; sourceTree = "<group>"; };
		C33B99BB20C732B900674A57 /* Assets.xcassets */ = {isa = PBXFileReference; lastKnownFileType = folder.assetcatalog; path = Assets.xcassets; sourceTree = "<group>"; };
		C33B99BE20C732B900674A57 /* Base */ = {isa = PBXFileReference; lastKnownFileType = file.storyboard; name = Base; path = Base.lproj/LaunchScreen.storyboard; sourceTree = "<group>"; };
		C33B99C020C732B900674A57 /* Info.plist */ = {isa = PBXFileReference; lastKnownFileType = text.plist.xml; path = Info.plist; sourceTree = "<group>"; };
		C33B99C620C7372100674A57 /* level1.txt */ = {isa = PBXFileReference; fileEncoding = 4; lastKnownFileType = text; path = level1.txt; sourceTree = "<group>"; };
		C36BA37520C8603200D56263 /* SVLSpriteNodeButton.swift */ = {isa = PBXFileReference; lastKnownFileType = sourcecode.swift; path = SVLSpriteNodeButton.swift; sourceTree = "<group>"; };
		C36BA37720C88D1200D56263 /* level2.txt */ = {isa = PBXFileReference; fileEncoding = 4; lastKnownFileType = text; path = level2.txt; sourceTree = "<group>"; };
/* End PBXFileReference section */

/* Begin PBXFrameworksBuildPhase section */
		C33B99A820C732A800674A57 /* Frameworks */ = {
			isa = PBXFrameworksBuildPhase;
			buildActionMask = 2147483647;
			files = (
			);
			runOnlyForDeploymentPostprocessing = 0;
		};
/* End PBXFrameworksBuildPhase section */

/* Begin PBXGroup section */
		C33B99A220C732A800674A57 = {
			isa = PBXGroup;
			children = (
				C33B99AD20C732A800674A57 /* Project26 */,
				C33B99AC20C732A800674A57 /* Products */,
			);
			sourceTree = "<group>";
		};
		C33B99AC20C732A800674A57 /* Products */ = {
			isa = PBXGroup;
			children = (
				C33B99AB20C732A800674A57 /* Project26.app */,
			);
			name = Products;
			sourceTree = "<group>";
		};
		C33B99AD20C732A800674A57 /* Project26 */ = {
			isa = PBXGroup;
			children = (
				C33B99AE20C732A800674A57 /* AppDelegate.swift */,
				C33B99B020C732A900674A57 /* GameScene.sks */,
				C33B99B420C732A900674A57 /* GameScene.swift */,
				C36BA37520C8603200D56263 /* SVLSpriteNodeButton.swift */,
				C33B99B620C732A900674A57 /* GameViewController.swift */,
				C33B99B820C732A900674A57 /* Main.storyboard */,
				C33B99BB20C732B900674A57 /* Assets.xcassets */,
				C33B99BD20C732B900674A57 /* LaunchScreen.storyboard */,
				C33B99C020C732B900674A57 /* Info.plist */,
				C33B99C620C7372100674A57 /* level1.txt */,
				C36BA37720C88D1200D56263 /* level2.txt */,
			);
			path = Project26;
			sourceTree = "<group>";
		};
/* End PBXGroup section */

/* Begin PBXNativeTarget section */
		C33B99AA20C732A800674A57 /* Project26 */ = {
			isa = PBXNativeTarget;
			buildConfigurationList = C33B99C320C732B900674A57 /* Build configuration list for PBXNativeTarget "Project26" */;
			buildPhases = (
				C33B99A720C732A800674A57 /* Sources */,
				C33B99A820C732A800674A57 /* Frameworks */,
				C33B99A920C732A800674A57 /* Resources */,
			);
			buildRules = (
			);
			dependencies = (
			);
			name = Project26;
			productName = Project26;
			productReference = C33B99AB20C732A800674A57 /* Project26.app */;
			productType = "com.apple.product-type.application";
		};
/* End PBXNativeTarget section */

/* Begin PBXProject section */
		C33B99A320C732A800674A57 /* Project object */ = {
			isa = PBXProject;
			attributes = {
				LastSwiftUpdateCheck = 0930;
				LastUpgradeCheck = 0930;
				ORGANIZATIONNAME = SmartApps;
				TargetAttributes = {
					C33B99AA20C732A800674A57 = {
						CreatedOnToolsVersion = 9.3.1;
					};
				};
			};
			buildConfigurationList = C33B99A620C732A800674A57 /* Build configuration list for PBXProject "Project26" */;
			compatibilityVersion = "Xcode 9.3";
			developmentRegion = en;
			hasScannedForEncodings = 0;
			knownRegions = (
				en,
				Base,
			);
			mainGroup = C33B99A220C732A800674A57;
			productRefGroup = C33B99AC20C732A800674A57 /* Products */;
			projectDirPath = "";
			projectRoot = "";
			targets = (
				C33B99AA20C732A800674A57 /* Project26 */,
			);
		};
/* End PBXProject section */

/* Begin PBXResourcesBuildPhase section */
		C33B99A920C732A800674A57 /* Resources */ = {
			isa = PBXResourcesBuildPhase;
			buildActionMask = 2147483647;
			files = (
				C33B99C720C7372200674A57 /* level1.txt in Resources */,
				C33B99BA20C732A900674A57 /* Main.storyboard in Resources */,
				C36BA37820C88D1200D56263 /* level2.txt in Resources */,
				C33B99B120C732A900674A57 /* GameScene.sks in Resources */,
				C33B99BC20C732B900674A57 /* Assets.xcassets in Resources */,
				C33B99BF20C732B900674A57 /* LaunchScreen.storyboard in Resources */,
			);
			runOnlyForDeploymentPostprocessing = 0;
		};
/* End PBXResourcesBuildPhase section */

/* Begin PBXSourcesBuildPhase section */
		C33B99A720C732A800674A57 /* Sources */ = {
			isa = PBXSourcesBuildPhase;
			buildActionMask = 2147483647;
			files = (
				C33B99B520C732A900674A57 /* GameScene.swift in Sources */,
				C33B99B720C732A900674A57 /* GameViewController.swift in Sources */,
				C36BA37620C8603200D56263 /* SVLSpriteNodeButton.swift in Sources */,
				C33B99AF20C732A800674A57 /* AppDelegate.swift in Sources */,
			);
			runOnlyForDeploymentPostprocessing = 0;
		};
/* End PBXSourcesBuildPhase section */

/* Begin PBXVariantGroup section */
		C33B99B820C732A900674A57 /* Main.storyboard */ = {
			isa = PBXVariantGroup;
			children = (
				C33B99B920C732A900674A57 /* Base */,
			);
			name = Main.storyboard;
			sourceTree = "<group>";
		};
		C33B99BD20C732B900674A57 /* LaunchScreen.storyboard */ = {
			isa = PBXVariantGroup;
			children = (
				C33B99BE20C732B900674A57 /* Base */,
			);
			name = LaunchScreen.storyboard;
			sourceTree = "<group>";
		};
/* End PBXVariantGroup section */

/* Begin XCBuildConfiguration section */
		C33B99C120C732B900674A57 /* Debug */ = {
			isa = XCBuildConfiguration;
			buildSettings = {
				ALWAYS_SEARCH_USER_PATHS = NO;
				CLANG_ANALYZER_NONNULL = YES;
				CLANG_ANALYZER_NUMBER_OBJECT_CONVERSION = YES_AGGRESSIVE;
				CLANG_CXX_LANGUAGE_STANDARD = "gnu++14";
				CLANG_CXX_LIBRARY = "libc++";
				CLANG_ENABLE_MODULES = YES;
				CLANG_ENABLE_OBJC_ARC = YES;
				CLANG_ENABLE_OBJC_WEAK = YES;
				CLANG_WARN_BLOCK_CAPTURE_AUTORELEASING = YES;
				CLANG_WARN_BOOL_CONVERSION = YES;
				CLANG_WARN_COMMA = YES;
				CLANG_WARN_CONSTANT_CONVERSION = YES;
				CLANG_WARN_DEPRECATED_OBJC_IMPLEMENTATIONS = YES;
				CLANG_WARN_DIRECT_OBJC_ISA_USAGE = YES_ERROR;
				CLANG_WARN_DOCUMENTATION_COMMENTS = YES;
				CLANG_WARN_EMPTY_BODY = YES;
				CLANG_WARN_ENUM_CONVERSION = YES;
				CLANG_WARN_INFINITE_RECURSION = YES;
				CLANG_WARN_INT_CONVERSION = YES;
				CLANG_WARN_NON_LITERAL_NULL_CONVERSION = YES;
				CLANG_WARN_OBJC_IMPLICIT_RETAIN_SELF = YES;
				CLANG_WARN_OBJC_LITERAL_CONVERSION = YES;
				CLANG_WARN_OBJC_ROOT_CLASS = YES_ERROR;
				CLANG_WARN_RANGE_LOOP_ANALYSIS = YES;
				CLANG_WARN_STRICT_PROTOTYPES = YES;
				CLANG_WARN_SUSPICIOUS_MOVE = YES;
				CLANG_WARN_UNGUARDED_AVAILABILITY = YES_AGGRESSIVE;
				CLANG_WARN_UNREACHABLE_CODE = YES;
				CLANG_WARN__DUPLICATE_METHOD_MATCH = YES;
				CODE_SIGN_IDENTITY = "iPhone Developer";
				COPY_PHASE_STRIP = NO;
				DEBUG_INFORMATION_FORMAT = dwarf;
				ENABLE_STRICT_OBJC_MSGSEND = YES;
				ENABLE_TESTABILITY = YES;
				GCC_C_LANGUAGE_STANDARD = gnu11;
				GCC_DYNAMIC_NO_PIC = NO;
				GCC_NO_COMMON_BLOCKS = YES;
				GCC_OPTIMIZATION_LEVEL = 0;
				GCC_PREPROCESSOR_DEFINITIONS = (
					"DEBUG=1",
					"$(inherited)",
				);
				GCC_WARN_64_TO_32_BIT_CONVERSION = YES;
				GCC_WARN_ABOUT_RETURN_TYPE = YES_ERROR;
				GCC_WARN_UNDECLARED_SELECTOR = YES;
				GCC_WARN_UNINITIALIZED_AUTOS = YES_AGGRESSIVE;
				GCC_WARN_UNUSED_FUNCTION = YES;
				GCC_WARN_UNUSED_VARIABLE = YES;
				IPHONEOS_DEPLOYMENT_TARGET = 11.3;
				MTL_ENABLE_DEBUG_INFO = YES;
				ONLY_ACTIVE_ARCH = YES;
				SDKROOT = iphoneos;
				SWIFT_ACTIVE_COMPILATION_CONDITIONS = DEBUG;
				SWIFT_OPTIMIZATION_LEVEL = "-Onone";
			};
			name = Debug;
		};
		C33B99C220C732B900674A57 /* Release */ = {
			isa = XCBuildConfiguration;
			buildSettings = {
				ALWAYS_SEARCH_USER_PATHS = NO;
				CLANG_ANALYZER_NONNULL = YES;
				CLANG_ANALYZER_NUMBER_OBJECT_CONVERSION = YES_AGGRESSIVE;
				CLANG_CXX_LANGUAGE_STANDARD = "gnu++14";
				CLANG_CXX_LIBRARY = "libc++";
				CLANG_ENABLE_MODULES = YES;
				CLANG_ENABLE_OBJC_ARC = YES;
				CLANG_ENABLE_OBJC_WEAK = YES;
				CLANG_WARN_BLOCK_CAPTURE_AUTORELEASING = YES;
				CLANG_WARN_BOOL_CONVERSION = YES;
				CLANG_WARN_COMMA = YES;
				CLANG_WARN_CONSTANT_CONVERSION = YES;
				CLANG_WARN_DEPRECATED_OBJC_IMPLEMENTATIONS = YES;
				CLANG_WARN_DIRECT_OBJC_ISA_USAGE = YES_ERROR;
				CLANG_WARN_DOCUMENTATION_COMMENTS = YES;
				CLANG_WARN_EMPTY_BODY = YES;
				CLANG_WARN_ENUM_CONVERSION = YES;
				CLANG_WARN_INFINITE_RECURSION = YES;
				CLANG_WARN_INT_CONVERSION = YES;
				CLANG_WARN_NON_LITERAL_NULL_CONVERSION = YES;
				CLANG_WARN_OBJC_IMPLICIT_RETAIN_SELF = YES;
				CLANG_WARN_OBJC_LITERAL_CONVERSION = YES;
				CLANG_WARN_OBJC_ROOT_CLASS = YES_ERROR;
				CLANG_WARN_RANGE_LOOP_ANALYSIS = YES;
				CLANG_WARN_STRICT_PROTOTYPES = YES;
				CLANG_WARN_SUSPICIOUS_MOVE = YES;
				CLANG_WARN_UNGUARDED_AVAILABILITY = YES_AGGRESSIVE;
				CLANG_WARN_UNREACHABLE_CODE = YES;
				CLANG_WARN__DUPLICATE_METHOD_MATCH = YES;
				CODE_SIGN_IDENTITY = "iPhone Developer";
				COPY_PHASE_STRIP = NO;
				DEBUG_INFORMATION_FORMAT = "dwarf-with-dsym";
				ENABLE_NS_ASSERTIONS = NO;
				ENABLE_STRICT_OBJC_MSGSEND = YES;
				GCC_C_LANGUAGE_STANDARD = gnu11;
				GCC_NO_COMMON_BLOCKS = YES;
				GCC_WARN_64_TO_32_BIT_CONVERSION = YES;
				GCC_WARN_ABOUT_RETURN_TYPE = YES_ERROR;
				GCC_WARN_UNDECLARED_SELECTOR = YES;
				GCC_WARN_UNINITIALIZED_AUTOS = YES_AGGRESSIVE;
				GCC_WARN_UNUSED_FUNCTION = YES;
				GCC_WARN_UNUSED_VARIABLE = YES;
				IPHONEOS_DEPLOYMENT_TARGET = 11.3;
				MTL_ENABLE_DEBUG_INFO = NO;
				SDKROOT = iphoneos;
				SWIFT_COMPILATION_MODE = wholemodule;
				SWIFT_OPTIMIZATION_LEVEL = "-O";
				VALIDATE_PRODUCT = YES;
			};
			name = Release;
		};
		C33B99C420C732B900674A57 /* Debug */ = {
			isa = XCBuildConfiguration;
			buildSettings = {
				ASSETCATALOG_COMPILER_APPICON_NAME = AppIcon;
				CODE_SIGN_STYLE = Automatic;
				DEVELOPMENT_TEAM = FH722273B3;
				INFOPLIST_FILE = Project26/Info.plist;
				LD_RUNPATH_SEARCH_PATHS = (
					"$(inherited)",
					"@executable_path/Frameworks",
				);
				PRODUCT_BUNDLE_IDENTIFIER = com.smartapps.Project26;
				PRODUCT_NAME = "$(TARGET_NAME)";
				SWIFT_VERSION = 4.0;
				TARGETED_DEVICE_FAMILY = 2;
			};
			name = Debug;
		};
		C33B99C520C732B900674A57 /* Release */ = {
			isa = XCBuildConfiguration;
			buildSettings = {
				ASSETCATALOG_COMPILER_APPICON_NAME = AppIcon;
				CODE_SIGN_STYLE = Automatic;
				DEVELOPMENT_TEAM = FH722273B3;
				INFOPLIST_FILE = Project26/Info.plist;
				LD_RUNPATH_SEARCH_PATHS = (
					"$(inherited)",
					"@executable_path/Frameworks",
				);
				PRODUCT_BUNDLE_IDENTIFIER = com.smartapps.Project26;
				PRODUCT_NAME = "$(TARGET_NAME)";
				SWIFT_VERSION = 4.0;
				TARGETED_DEVICE_FAMILY = 2;
			};
			name = Release;
		};
/* End XCBuildConfiguration section */

/* Begin XCConfigurationList section */
		C33B99A620C732A800674A57 /* Build configuration list for PBXProject "Project26" */ = {
			isa = XCConfigurationList;
			buildConfigurations = (
				C33B99C120C732B900674A57 /* Debug */,
				C33B99C220C732B900674A57 /* Release */,
			);
			defaultConfigurationIsVisible = 0;
			defaultConfigurationName = Release;
		};
		C33B99C320C732B900674A57 /* Build configuration list for PBXNativeTarget "Project26" */ = {
			isa = XCConfigurationList;
			buildConfigurations = (
				C33B99C420C732B900674A57 /* Debug */,
				C33B99C520C732B900674A57 /* Release */,
			);
			defaultConfigurationIsVisible = 0;
			defaultConfigurationName = Release;
		};
/* End XCConfigurationList section */
	};
	rootObject = C33B99A320C732A800674A57 /* Project object */;
}
